{
    "_readme": [
        "This file locks the dependencies of your project to a known state",
        "Read more about it at https://getcomposer.org/doc/01-basic-usage.md#composer-lock-the-lock-file",
        "This file is @generated automatically"
    ],
    "content-hash": "47a3b96397ae2803f1403b3189ffd534",
    "packages": [
        {
            "name": "comodojo/exceptions",
            "version": "1.0.3",
            "source": {
                "type": "git",
                "url": "https://github.com/comodojo/exceptions.git",
                "reference": "5eb2c462b04a08e109865429fbdb4e36cce358cf"
            },
            "dist": {
                "type": "zip",
                "url": "https://api.github.com/repos/comodojo/exceptions/zipball/5eb2c462b04a08e109865429fbdb4e36cce358cf",
                "reference": "5eb2c462b04a08e109865429fbdb4e36cce358cf",
                "shasum": ""
            },
            "require-dev": {
                "phpunit/phpunit": "^4.0|^5.0",
                "scrutinizer/ocular": "^1.0"
            },
            "type": "library",
            "autoload": {
                "psr-4": {
                    "Comodojo\\Exception\\": "src/Exception"
                }
            },
            "notification-url": "https://packagist.org/downloads/",
            "license": [
                "MIT"
            ],
            "authors": [
                {
                    "name": "Marco Giovinazzi",
                    "email": "marco.giovinazzi@comodojo.org",
                    "homepage": "http://jme.altervista.org"
                },
                {
                    "name": "Marco Castiello",
                    "email": "marco.castiello@gmail.com"
                }
            ],
            "description": "Common exceptions for comodojo libs and frameworks",
            "homepage": "https://comodojo.org",
            "keywords": [
                "comodojo",
                "exception"
            ],
            "time": "2016-07-27T23:42:58+00:00"
        },
        {
            "name": "comodojo/xmlrpc",
            "version": "1.1.1",
            "source": {
                "type": "git",
                "url": "https://github.com/comodojo/xmlrpc.git",
                "reference": "a2490888503992fcf434b06188a0a019b3a5fc8e"
            },
            "dist": {
                "type": "zip",
                "url": "https://api.github.com/repos/comodojo/xmlrpc/zipball/a2490888503992fcf434b06188a0a019b3a5fc8e",
                "reference": "a2490888503992fcf434b06188a0a019b3a5fc8e",
                "shasum": ""
            },
            "require": {
                "comodojo/exceptions": "@stable",
                "php": ">=5.1.3"
            },
            "require-dev": {
                "phpunit/phpunit": "~4.0",
                "scrutinizer/ocular": "~1.1"
            },
            "type": "library",
            "autoload": {
                "psr-4": {
                    "Comodojo\\Xmlrpc\\": "src"
                }
            },
            "notification-url": "https://packagist.org/downloads/",
            "license": [
                "MIT"
            ],
            "authors": [
                {
                    "name": "Marco Giovinazzi",
                    "email": "marco.giovinazzi@comodojo.org",
                    "homepage": "http://jme.altervista.org"
                }
            ],
            "description": "Yet another php xmlrpc decoder/encoder",
            "homepage": "http://comodojo.org",
            "keywords": [
                "comodojo",
                "decoder",
                "encoder",
                "xmlrpc"
            ],
            "time": "2015-10-13T22:20:35+00:00"
        },
        {
            "name": "rmccue/requests",
            "version": "v1.7.0",
            "source": {
                "type": "git",
                "url": "https://github.com/rmccue/Requests.git",
                "reference": "87932f52ffad70504d93f04f15690cf16a089546"
            },
            "dist": {
                "type": "zip",
                "url": "https://api.github.com/repos/rmccue/Requests/zipball/87932f52ffad70504d93f04f15690cf16a089546",
                "reference": "87932f52ffad70504d93f04f15690cf16a089546",
                "shasum": ""
            },
            "require": {
                "php": ">=5.2"
            },
            "require-dev": {
                "requests/test-server": "dev-master"
            },
            "type": "library",
            "autoload": {
                "psr-0": {
                    "Requests": "library/"
                }
            },
            "notification-url": "https://packagist.org/downloads/",
            "license": [
                "ISC"
            ],
            "authors": [
                {
                    "name": "Ryan McCue",
                    "homepage": "http://ryanmccue.info"
                }
            ],
            "description": "A HTTP library written in PHP, for human beings.",
            "homepage": "http://github.com/rmccue/Requests",
            "keywords": [
                "curl",
                "fsockopen",
                "http",
                "idna",
                "ipv6",
                "iri",
                "sockets"
            ],
            "time": "2016-10-13T00:11:37+00:00"
        }
    ],
    "packages-dev": [],
    "aliases": [],
    "minimum-stability": "stable",
    "stability-flags": [],
    "prefer-stable": false,
    "prefer-lowest": false,
    "platform": [],
    "platform-dev": []
}
